
Microsoft Visual Studio Solution File, Format Version 12.00
# Visual Studio Version 17
VisualStudioVersion = 17.0.31903.59
MinimumVisualStudioVersion = 10.0.40219.1
Project("{FAE04EC0-301F-11D3-BF4B-00C04F79EFBC}") = "TLio.Core", "TLio.Core\TLio.Core.csproj", "{A1B2C3D4-E5F6-7890-ABCD-EF1234567890}"
EndProject
Project("{FAE04EC0-301F-11D3-BF4B-00C04F79EFBC}") = "TLio.Commands", "TLio.Commands\TLio.Commands.csproj", "{B2C3D4E5-F6A7-8901-BCDE-F12345678901}"
EndProject
Project("{FAE04EC0-301F-11D3-BF4B-00C04F79EFBC}") = "TLio.Functions", "TLio.Functions\TLio.Functions.csproj", "{C3D4E5F6-A7B8-9012-CDEF-123456789012}"
EndProject
Project("{FAE04EC0-301F-11D3-BF4B-00C04F79EFBC}") = "TLio.Json", "TLio.Json\TLio.Json.csproj", "{D4E5F6A7-B8C9-0123-DEF0-234567890123}"
EndProject
Project("{FAE04EC0-301F-11D3-BF4B-00C04F79EFBC}") = "TLio.Xml", "TLio.Xml\TLio.Xml.csproj", "{E5F6A7B8-C9D0-1234-EF01-345678901234}"
EndProject
Project("{FAE04EC0-301F-11D3-BF4B-00C04F79EFBC}") = "TLio.Yaml", "TLio.Yaml\TLio.Yaml.csproj", "{F6A7B8C9-D0E1-2345-F012-456789012345}"
EndProject
Project("{FAE04EC0-301F-11D3-BF4B-00C04F79EFBC}") = "TLio.Client", "TLio.Client\TLio.Client.csproj", "{A7B8C9D0-E1F2-3456-0123-567890123456}"
EndProject
Project("{FAE04EC0-301F-11D3-BF4B-00C04F79EFBC}") = "TLio.UnitTests", "TLio.UnitTests\TLio.UnitTests.csproj", "{B8C9D0E1-F2A3-4567-1234-678901234567}"
EndProject
Project("{FAE04EC0-301F-11D3-BF4B-00C04F79EFBC}") = "TLio.Json.SystemText", "TLio.Json.SystemText\TLio.Json.SystemText.csproj", "{C9D0E1F2-A3B4-5678-2345-789012345678}"
EndProject
Project("{FAE04EC0-301F-11D3-BF4B-00C04F79EFBC}") = "TLio.Extensions.Math", "TLio.Extensions.Math\TLio.Extensions.Math.csproj", "{5DCC40FD-9002-4C60-8FDB-03ECB7A50999}"
EndProject
Project("{FAE04EC0-301F-11D3-BF4B-00C04F79EFBC}") = "TLio.Extensions.Text", "TLio.Extensions.Text\TLio.Extensions.Text.csproj", "{C8992F34-60B4-4FB3-AC5E-CC62E9B8F5E4}"
EndProject
Project("{FAE04EC0-301F-11D3-BF4B-00C04F79EFBC}") = "TLio.Extensions.TimeDate", "TLio.Extensions.TimeDate\TLio.Extensions.TimeDate.csproj", "{5E5A7753-5BD5-4D39-ABDA-54BC230BDFA0}"
EndProject
Project("{FAE04EC0-301F-11D3-BF4B-00C04F79EFBC}") = "TLio.Extensions.ETL", "TLio.Extensions.ETL\TLio.Extensions.ETL.csproj", "{54BDCA54-AA0A-4B04-9419-680A1F58E441}"
EndProject
Project("{FAE04EC0-301F-11D3-BF4B-00C04F79EFBC}") = "TLio.Xml.Tests", "TLio.Xml.Tests\TLio.Xml.Tests.csproj", "{FC728561-C0FD-4474-901B-33F2564695A7}"
EndProject
Project("{FAE04EC0-301F-11D3-BF4B-00C04F79EFBC}") = "TLio.Yaml.Tests", "TLio.Yaml.Tests\TLio.Yaml.Tests.csproj", "{65166BA5-676F-47FE-9801-8EC501F1658C}"
EndProject
Project("{FAE04EC0-301F-11D3-BF4B-00C04F79EFBC}") = "TLio.Json.Tests", "TLio.Json.Tests\TLio.Json.Tests.csproj", "{E1F2A3B4-C5D6-7890-E1F2-A3B4C5D67891}"
EndProject
Project("{FAE04EC0-301F-11D3-BF4B-00C04F79EFBC}") = "TLio.Json.SystemText.Tests", "TLio.Json.SystemText.Tests\TLio.Json.SystemText.Tests.csproj", "{F2A3B4C5-D6E7-8901-F2A3-B4C5D6E78902}"
EndProject
Project("{FAE04EC0-301F-11D3-BF4B-00C04F79EFBC}") = "TLio.Functions.Tests", "TLio.Functions.Tests\TLio.Functions.Tests.csproj", "{A3B4C5D6-E7F8-9012-A3B4-C5D6E7F89013}"
EndProject
Global
	GlobalSection(SolutionConfigurationPlatforms) = preSolution
		Debug|Any CPU = Debug|Any CPU
		Debug|x64 = Debug|x64
		Debug|x86 = Debug|x86
		Release|Any CPU = Release|Any CPU
		Release|x64 = Release|x64
		Release|x86 = Release|x86
	EndGlobalSection
	GlobalSection(ProjectConfigurationPlatforms) = postSolution
		{A1B2C3D4-E5F6-7890-ABCD-EF1234567890}.Debug|Any CPU.ActiveCfg = Debug|Any CPU
		{A1B2C3D4-E5F6-7890-ABCD-EF1234567890}.Debug|Any CPU.Build.0 = Debug|Any CPU
		{A1B2C3D4-E5F6-7890-ABCD-EF1234567890}.Debug|x64.ActiveCfg = Debug|Any CPU
		{A1B2C3D4-E5F6-7890-ABCD-EF1234567890}.Debug|x64.Build.0 = Debug|Any CPU
		{A1B2C3D4-E5F6-7890-ABCD-EF1234567890}.Debug|x86.ActiveCfg = Debug|Any CPU
		{A1B2C3D4-E5F6-7890-ABCD-EF1234567890}.Debug|x86.Build.0 = Debug|Any CPU
		{A1B2C3D4-E5F6-7890-ABCD-EF1234567890}.Release|Any CPU.ActiveCfg = Release|Any CPU
		{A1B2C3D4-E5F6-7890-ABCD-EF1234567890}.Release|Any CPU.Build.0 = Release|Any CPU
		{A1B2C3D4-E5F6-7890-ABCD-EF1234567890}.Release|x64.ActiveCfg = Release|Any CPU
		{A1B2C3D4-E5F6-7890-ABCD-EF1234567890}.Release|x64.Build.0 = Release|Any CPU
		{A1B2C3D4-E5F6-7890-ABCD-EF1234567890}.Release|x86.ActiveCfg = Release|Any CPU
		{A1B2C3D4-E5F6-7890-ABCD-EF1234567890}.Release|x86.Build.0 = Release|Any CPU
		{B2C3D4E5-F6A7-8901-BCDE-F12345678901}.Debug|Any CPU.ActiveCfg = Debug|Any CPU
		{B2C3D4E5-F6A7-8901-BCDE-F12345678901}.Debug|Any CPU.Build.0 = Debug|Any CPU
		{B2C3D4E5-F6A7-8901-BCDE-F12345678901}.Debug|x64.ActiveCfg = Debug|Any CPU
		{B2C3D4E5-F6A7-8901-BCDE-F12345678901}.Debug|x64.Build.0 = Debug|Any CPU
		{B2C3D4E5-F6A7-8901-BCDE-F12345678901}.Debug|x86.ActiveCfg = Debug|Any CPU
		{B2C3D4E5-F6A7-8901-BCDE-F12345678901}.Debug|x86.Build.0 = Debug|Any CPU
		{B2C3D4E5-F6A7-8901-BCDE-F12345678901}.Release|Any CPU.ActiveCfg = Release|Any CPU
		{B2C3D4E5-F6A7-8901-BCDE-F12345678901}.Release|Any CPU.Build.0 = Release|Any CPU
		{B2C3D4E5-F6A7-8901-BCDE-F12345678901}.Release|x64.ActiveCfg = Release|Any CPU
		{B2C3D4E5-F6A7-8901-BCDE-F12345678901}.Release|x64.Build.0 = Release|Any CPU
		{B2C3D4E5-F6A7-8901-BCDE-F12345678901}.Release|x86.ActiveCfg = Release|Any CPU
		{B2C3D4E5-F6A7-8901-BCDE-F12345678901}.Release|x86.Build.0 = Release|Any CPU
		{C3D4E5F6-A7B8-9012-CDEF-123456789012}.Debug|Any CPU.ActiveCfg = Debug|Any CPU
		{C3D4E5F6-A7B8-9012-CDEF-123456789012}.Debug|Any CPU.Build.0 = Debug|Any CPU
		{C3D4E5F6-A7B8-9012-CDEF-123456789012}.Debug|x64.ActiveCfg = Debug|Any CPU
		{C3D4E5F6-A7B8-9012-CDEF-123456789012}.Debug|x64.Build.0 = Debug|Any CPU
		{C3D4E5F6-A7B8-9012-CDEF-123456789012}.Debug|x86.ActiveCfg = Debug|Any CPU
		{C3D4E5F6-A7B8-9012-CDEF-123456789012}.Debug|x86.Build.0 = Debug|Any CPU
		{C3D4E5F6-A7B8-9012-CDEF-123456789012}.Release|Any CPU.ActiveCfg = Release|Any CPU
		{C3D4E5F6-A7B8-9012-CDEF-123456789012}.Release|Any CPU.Build.0 = Release|Any CPU
		{C3D4E5F6-A7B8-9012-CDEF-123456789012}.Release|x64.ActiveCfg = Release|Any CPU
		{C3D4E5F6-A7B8-9012-CDEF-123456789012}.Release|x64.Build.0 = Release|Any CPU
		{C3D4E5F6-A7B8-9012-CDEF-123456789012}.Release|x86.ActiveCfg = Release|Any CPU
		{C3D4E5F6-A7B8-9012-CDEF-123456789012}.Release|x86.Build.0 = Release|Any CPU
		{D4E5F6A7-B8C9-0123-DEF0-234567890123}.Debug|Any CPU.ActiveCfg = Debug|Any CPU
		{D4E5F6A7-B8C9-0123-DEF0-234567890123}.Debug|Any CPU.Build.0 = Debug|Any CPU
		{D4E5F6A7-B8C9-0123-DEF0-234567890123}.Debug|x64.ActiveCfg = Debug|Any CPU
		{D4E5F6A7-B8C9-0123-DEF0-234567890123}.Debug|x64.Build.0 = Debug|Any CPU
		{D4E5F6A7-B8C9-0123-DEF0-234567890123}.Debug|x86.ActiveCfg = Debug|Any CPU
		{D4E5F6A7-B8C9-0123-DEF0-234567890123}.Debug|x86.Build.0 = Debug|Any CPU
		{D4E5F6A7-B8C9-0123-DEF0-234567890123}.Release|Any CPU.ActiveCfg = Release|Any CPU
		{D4E5F6A7-B8C9-0123-DEF0-234567890123}.Release|Any CPU.Build.0 = Release|Any CPU
		{D4E5F6A7-B8C9-0123-DEF0-234567890123}.Release|x64.ActiveCfg = Release|Any CPU
		{D4E5F6A7-B8C9-0123-DEF0-234567890123}.Release|x64.Build.0 = Release|Any CPU
		{D4E5F6A7-B8C9-0123-DEF0-234567890123}.Release|x86.ActiveCfg = Release|Any CPU
		{D4E5F6A7-B8C9-0123-DEF0-234567890123}.Release|x86.Build.0 = Release|Any CPU
		{E5F6A7B8-C9D0-1234-EF01-345678901234}.Debug|Any CPU.ActiveCfg = Debug|Any CPU
		{E5F6A7B8-C9D0-1234-EF01-345678901234}.Debug|Any CPU.Build.0 = Debug|Any CPU
		{E5F6A7B8-C9D0-1234-EF01-345678901234}.Debug|x64.ActiveCfg = Debug|Any CPU
		{E5F6A7B8-C9D0-1234-EF01-345678901234}.Debug|x64.Build.0 = Debug|Any CPU
		{E5F6A7B8-C9D0-1234-EF01-345678901234}.Debug|x86.ActiveCfg = Debug|Any CPU
		{E5F6A7B8-C9D0-1234-EF01-345678901234}.Debug|x86.Build.0 = Debug|Any CPU
		{E5F6A7B8-C9D0-1234-EF01-345678901234}.Release|Any CPU.ActiveCfg = Release|Any CPU
		{E5F6A7B8-C9D0-1234-EF01-345678901234}.Release|Any CPU.Build.0 = Release|Any CPU
		{E5F6A7B8-C9D0-1234-EF01-345678901234}.Release|x64.ActiveCfg = Release|Any CPU
		{E5F6A7B8-C9D0-1234-EF01-345678901234}.Release|x64.Build.0 = Release|Any CPU
		{E5F6A7B8-C9D0-1234-EF01-345678901234}.Release|x86.ActiveCfg = Release|Any CPU
		{E5F6A7B8-C9D0-1234-EF01-345678901234}.Release|x86.Build.0 = Release|Any CPU
		{F6A7B8C9-D0E1-2345-F012-456789012345}.Debug|Any CPU.ActiveCfg = Debug|Any CPU
		{F6A7B8C9-D0E1-2345-F012-456789012345}.Debug|Any CPU.Build.0 = Debug|Any CPU
		{F6A7B8C9-D0E1-2345-F012-456789012345}.Debug|x64.ActiveCfg = Debug|Any CPU
		{F6A7B8C9-D0E1-2345-F012-456789012345}.Debug|x64.Build.0 = Debug|Any CPU
		{F6A7B8C9-D0E1-2345-F012-456789012345}.Debug|x86.ActiveCfg = Debug|Any CPU
		{F6A7B8C9-D0E1-2345-F012-456789012345}.Debug|x86.Build.0 = Debug|Any CPU
		{F6A7B8C9-D0E1-2345-F012-456789012345}.Release|Any CPU.ActiveCfg = Release|Any CPU
		{F6A7B8C9-D0E1-2345-F012-456789012345}.Release|Any CPU.Build.0 = Release|Any CPU
		{F6A7B8C9-D0E1-2345-F012-456789012345}.Release|x64.ActiveCfg = Release|Any CPU
		{F6A7B8C9-D0E1-2345-F012-456789012345}.Release|x64.Build.0 = Release|Any CPU
		{F6A7B8C9-D0E1-2345-F012-456789012345}.Release|x86.ActiveCfg = Release|Any CPU
		{F6A7B8C9-D0E1-2345-F012-456789012345}.Release|x86.Build.0 = Release|Any CPU
		{A7B8C9D0-E1F2-3456-0123-567890123456}.Debug|Any CPU.ActiveCfg = Debug|Any CPU
		{A7B8C9D0-E1F2-3456-0123-567890123456}.Debug|Any CPU.Build.0 = Debug|Any CPU
		{A7B8C9D0-E1F2-3456-0123-567890123456}.Debug|x64.ActiveCfg = Debug|Any CPU
		{A7B8C9D0-E1F2-3456-0123-567890123456}.Debug|x64.Build.0 = Debug|Any CPU
		{A7B8C9D0-E1F2-3456-0123-567890123456}.Debug|x86.ActiveCfg = Debug|Any CPU
		{A7B8C9D0-E1F2-3456-0123-567890123456}.Debug|x86.Build.0 = Debug|Any CPU
		{A7B8C9D0-E1F2-3456-0123-567890123456}.Release|Any CPU.ActiveCfg = Release|Any CPU
		{A7B8C9D0-E1F2-3456-0123-567890123456}.Release|Any CPU.Build.0 = Release|Any CPU
		{A7B8C9D0-E1F2-3456-0123-567890123456}.Release|x64.ActiveCfg = Release|Any CPU
		{A7B8C9D0-E1F2-3456-0123-567890123456}.Release|x64.Build.0 = Release|Any CPU
		{A7B8C9D0-E1F2-3456-0123-567890123456}.Release|x86.ActiveCfg = Release|Any CPU
		{A7B8C9D0-E1F2-3456-0123-567890123456}.Release|x86.Build.0 = Release|Any CPU
		{B8C9D0E1-F2A3-4567-1234-678901234567}.Debug|Any CPU.ActiveCfg = Debug|Any CPU
		{B8C9D0E1-F2A3-4567-1234-678901234567}.Debug|Any CPU.Build.0 = Debug|Any CPU
		{B8C9D0E1-F2A3-4567-1234-678901234567}.Debug|x64.ActiveCfg = Debug|Any CPU
		{B8C9D0E1-F2A3-4567-1234-678901234567}.Debug|x64.Build.0 = Debug|Any CPU
		{B8C9D0E1-F2A3-4567-1234-678901234567}.Debug|x86.ActiveCfg = Debug|Any CPU
		{B8C9D0E1-F2A3-4567-1234-678901234567}.Debug|x86.Build.0 = Debug|Any CPU
		{B8C9D0E1-F2A3-4567-1234-678901234567}.Release|Any CPU.ActiveCfg = Release|Any CPU
		{B8C9D0E1-F2A3-4567-1234-678901234567}.Release|Any CPU.Build.0 = Release|Any CPU
		{B8C9D0E1-F2A3-4567-1234-678901234567}.Release|x64.ActiveCfg = Release|Any CPU
		{B8C9D0E1-F2A3-4567-1234-678901234567}.Release|x64.Build.0 = Release|Any CPU
		{B8C9D0E1-F2A3-4567-1234-678901234567}.Release|x86.ActiveCfg = Release|Any CPU
		{B8C9D0E1-F2A3-4567-1234-678901234567}.Release|x86.Build.0 = Release|Any CPU
		{C9D0E1F2-A3B4-5678-2345-789012345678}.Debug|Any CPU.ActiveCfg = Debug|Any CPU
		{C9D0E1F2-A3B4-5678-2345-789012345678}.Debug|Any CPU.Build.0 = Debug|Any CPU
		{C9D0E1F2-A3B4-5678-2345-789012345678}.Debug|x64.ActiveCfg = Debug|Any CPU
		{C9D0E1F2-A3B4-5678-2345-789012345678}.Debug|x64.Build.0 = Debug|Any CPU
		{C9D0E1F2-A3B4-5678-2345-789012345678}.Debug|x86.ActiveCfg = Debug|Any CPU
		{C9D0E1F2-A3B4-5678-2345-789012345678}.Debug|x86.Build.0 = Debug|Any CPU
		{C9D0E1F2-A3B4-5678-2345-789012345678}.Release|Any CPU.ActiveCfg = Release|Any CPU
		{C9D0E1F2-A3B4-5678-2345-789012345678}.Release|Any CPU.Build.0 = Release|Any CPU
		{C9D0E1F2-A3B4-5678-2345-789012345678}.Release|x64.ActiveCfg = Release|Any CPU
		{C9D0E1F2-A3B4-5678-2345-789012345678}.Release|x64.Build.0 = Release|Any CPU
		{C9D0E1F2-A3B4-5678-2345-789012345678}.Release|x86.ActiveCfg = Release|Any CPU
		{C9D0E1F2-A3B4-5678-2345-789012345678}.Release|x86.Build.0 = Release|Any CPU
		{5DCC40FD-9002-4C60-8FDB-03ECB7A50999}.Debug|Any CPU.ActiveCfg = Debug|Any CPU
		{5DCC40FD-9002-4C60-8FDB-03ECB7A50999}.Debug|Any CPU.Build.0 = Debug|Any CPU
		{5DCC40FD-9002-4C60-8FDB-03ECB7A50999}.Debug|x64.ActiveCfg = Debug|Any CPU
		{5DCC40FD-9002-4C60-8FDB-03ECB7A50999}.Debug|x64.Build.0 = Debug|Any CPU
		{5DCC40FD-9002-4C60-8FDB-03ECB7A50999}.Debug|x86.ActiveCfg = Debug|Any CPU
		{5DCC40FD-9002-4C60-8FDB-03ECB7A50999}.Debug|x86.Build.0 = Debug|Any CPU
		{5DCC40FD-9002-4C60-8FDB-03ECB7A50999}.Release|Any CPU.ActiveCfg = Release|Any CPU
		{5DCC40FD-9002-4C60-8FDB-03ECB7A50999}.Release|Any CPU.Build.0 = Release|Any CPU
		{5DCC40FD-9002-4C60-8FDB-03ECB7A50999}.Release|x64.ActiveCfg = Release|Any CPU
		{5DCC40FD-9002-4C60-8FDB-03ECB7A50999}.Release|x64.Build.0 = Release|Any CPU
		{5DCC40FD-9002-4C60-8FDB-03ECB7A50999}.Release|x86.ActiveCfg = Release|Any CPU
		{5DCC40FD-9002-4C60-8FDB-03ECB7A50999}.Release|x86.Build.0 = Release|Any CPU
		{C8992F34-60B4-4FB3-AC5E-CC62E9B8F5E4}.Debug|Any CPU.ActiveCfg = Debug|Any CPU
		{C8992F34-60B4-4FB3-AC5E-CC62E9B8F5E4}.Debug|Any CPU.Build.0 = Debug|Any CPU
		{C8992F34-60B4-4FB3-AC5E-CC62E9B8F5E4}.Debug|x64.ActiveCfg = Debug|Any CPU
		{C8992F34-60B4-4FB3-AC5E-CC62E9B8F5E4}.Debug|x64.Build.0 = Debug|Any CPU
		{C8992F34-60B4-4FB3-AC5E-CC62E9B8F5E4}.Debug|x86.ActiveCfg = Debug|Any CPU
		{C8992F34-60B4-4FB3-AC5E-CC62E9B8F5E4}.Debug|x86.Build.0 = Debug|Any CPU
		{C8992F34-60B4-4FB3-AC5E-CC62E9B8F5E4}.Release|Any CPU.ActiveCfg = Release|Any CPU
		{C8992F34-60B4-4FB3-AC5E-CC62E9B8F5E4}.Release|Any CPU.Build.0 = Release|Any CPU
		{C8992F34-60B4-4FB3-AC5E-CC62E9B8F5E4}.Release|x64.ActiveCfg = Release|Any CPU
		{C8992F34-60B4-4FB3-AC5E-CC62E9B8F5E4}.Release|x64.Build.0 = Release|Any CPU
		{C8992F34-60B4-4FB3-AC5E-CC62E9B8F5E4}.Release|x86.ActiveCfg = Release|Any CPU
		{C8992F34-60B4-4FB3-AC5E-CC62E9B8F5E4}.Release|x86.Build.0 = Release|Any CPU
		{5E5A7753-5BD5-4D39-ABDA-54BC230BDFA0}.Debug|Any CPU.ActiveCfg = Debug|Any CPU
		{5E5A7753-5BD5-4D39-ABDA-54BC230BDFA0}.Debug|Any CPU.Build.0 = Debug|Any CPU
		{5E5A7753-5BD5-4D39-ABDA-54BC230BDFA0}.Debug|x64.ActiveCfg = Debug|Any CPU
		{5E5A7753-5BD5-4D39-ABDA-54BC230BDFA0}.Debug|x64.Build.0 = Debug|Any CPU
		{5E5A7753-5BD5-4D39-ABDA-54BC230BDFA0}.Debug|x86.ActiveCfg = Debug|Any CPU
		{5E5A7753-5BD5-4D39-ABDA-54BC230BDFA0}.Debug|x86.Build.0 = Debug|Any CPU
		{5E5A7753-5BD5-4D39-ABDA-54BC230BDFA0}.Release|Any CPU.ActiveCfg = Release|Any CPU
		{5E5A7753-5BD5-4D39-ABDA-54BC230BDFA0}.Release|Any CPU.Build.0 = Release|Any CPU
		{5E5A7753-5BD5-4D39-ABDA-54BC230BDFA0}.Release|x64.ActiveCfg = Release|Any CPU
		{5E5A7753-5BD5-4D39-ABDA-54BC230BDFA0}.Release|x64.Build.0 = Release|Any CPU
		{5E5A7753-5BD5-4D39-ABDA-54BC230BDFA0}.Release|x86.ActiveCfg = Release|Any CPU
		{5E5A7753-5BD5-4D39-ABDA-54BC230BDFA0}.Release|x86.Build.0 = Release|Any CPU
		{54BDCA54-AA0A-4B04-9419-680A1F58E441}.Debug|Any CPU.ActiveCfg = Debug|Any CPU
		{54BDCA54-AA0A-4B04-9419-680A1F58E441}.Debug|Any CPU.Build.0 = Debug|Any CPU
		{54BDCA54-AA0A-4B04-9419-680A1F58E441}.Debug|x64.ActiveCfg = Debug|Any CPU
		{54BDCA54-AA0A-4B04-9419-680A1F58E441}.Debug|x64.Build.0 = Debug|Any CPU
		{54BDCA54-AA0A-4B04-9419-680A1F58E441}.Debug|x86.ActiveCfg = Debug|Any CPU
		{54BDCA54-AA0A-4B04-9419-680A1F58E441}.Debug|x86.Build.0 = Debug|Any CPU
		{54BDCA54-AA0A-4B04-9419-680A1F58E441}.Release|Any CPU.ActiveCfg = Release|Any CPU
		{54BDCA54-AA0A-4B04-9419-680A1F58E441}.Release|Any CPU.Build.0 = Release|Any CPU
		{54BDCA54-AA0A-4B04-9419-680A1F58E441}.Release|x64.ActiveCfg = Release|Any CPU
		{54BDCA54-AA0A-4B04-9419-680A1F58E441}.Release|x64.Build.0 = Release|Any CPU
		{54BDCA54-AA0A-4B04-9419-680A1F58E441}.Release|x86.ActiveCfg = Release|Any CPU
		{54BDCA54-AA0A-4B04-9419-680A1F58E441}.Release|x86.Build.0 = Release|Any CPU
		{FC728561-C0FD-4474-901B-33F2564695A7}.Debug|Any CPU.ActiveCfg = Debug|Any CPU
		{FC728561-C0FD-4474-901B-33F2564695A7}.Debug|Any CPU.Build.0 = Debug|Any CPU
		{FC728561-C0FD-4474-901B-33F2564695A7}.Debug|x64.ActiveCfg = Debug|Any CPU
		{FC728561-C0FD-4474-901B-33F2564695A7}.Debug|x64.Build.0 = Debug|Any CPU
		{FC728561-C0FD-4474-901B-33F2564695A7}.Debug|x86.ActiveCfg = Debug|Any CPU
		{FC728561-C0FD-4474-901B-33F2564695A7}.Debug|x86.Build.0 = Debug|Any CPU
		{FC728561-C0FD-4474-901B-33F2564695A7}.Release|Any CPU.ActiveCfg = Release|Any CPU
		{FC728561-C0FD-4474-901B-33F2564695A7}.Release|Any CPU.Build.0 = Release|Any CPU
		{FC728561-C0FD-4474-901B-33F2564695A7}.Release|x64.ActiveCfg = Release|Any CPU
		{FC728561-C0FD-4474-901B-33F2564695A7}.Release|x64.Build.0 = Release|Any CPU
		{FC728561-C0FD-4474-901B-33F2564695A7}.Release|x86.ActiveCfg = Release|Any CPU
		{FC728561-C0FD-4474-901B-33F2564695A7}.Release|x86.Build.0 = Release|Any CPU
		{65166BA5-676F-47FE-9801-8EC501F1658C}.Debug|Any CPU.ActiveCfg = Debug|Any CPU
		{65166BA5-676F-47FE-9801-8EC501F1658C}.Debug|Any CPU.Build.0 = Debug|Any CPU
		{65166BA5-676F-47FE-9801-8EC501F1658C}.Debug|x64.ActiveCfg = Debug|Any CPU
		{65166BA5-676F-47FE-9801-8EC501F1658C}.Debug|x64.Build.0 = Debug|Any CPU
		{65166BA5-676F-47FE-9801-8EC501F1658C}.Debug|x86.ActiveCfg = Debug|Any CPU
		{65166BA5-676F-47FE-9801-8EC501F1658C}.Debug|x86.Build.0 = Debug|Any CPU
		{65166BA5-676F-47FE-9801-8EC501F1658C}.Release|Any CPU.ActiveCfg = Release|Any CPU
		{65166BA5-676F-47FE-9801-8EC501F1658C}.Release|Any CPU.Build.0 = Release|Any CPU
		{65166BA5-676F-47FE-9801-8EC501F1658C}.Release|x64.ActiveCfg = Release|Any CPU
		{65166BA5-676F-47FE-9801-8EC501F1658C}.Release|x64.Build.0 = Release|Any CPU
		{65166BA5-676F-47FE-9801-8EC501F1658C}.Release|x86.ActiveCfg = Release|Any CPU
		{65166BA5-676F-47FE-9801-8EC501F1658C}.Release|x86.Build.0 = Release|Any CPU
		{E1F2A3B4-C5D6-7890-E1F2-A3B4C5D67891}.Debug|Any CPU.ActiveCfg = Debug|Any CPU
		{E1F2A3B4-C5D6-7890-E1F2-A3B4C5D67891}.Debug|Any CPU.Build.0 = Debug|Any CPU
		{E1F2A3B4-C5D6-7890-E1F2-A3B4C5D67891}.Debug|x64.ActiveCfg = Debug|Any CPU
		{E1F2A3B4-C5D6-7890-E1F2-A3B4C5D67891}.Debug|x64.Build.0 = Debug|Any CPU
		{E1F2A3B4-C5D6-7890-E1F2-A3B4C5D67891}.Debug|x86.ActiveCfg = Debug|Any CPU
		{E1F2A3B4-C5D6-7890-E1F2-A3B4C5D67891}.Debug|x86.Build.0 = Debug|Any CPU
		{E1F2A3B4-C5D6-7890-E1F2-A3B4C5D67891}.Release|Any CPU.ActiveCfg = Release|Any CPU
		{E1F2A3B4-C5D6-7890-E1F2-A3B4C5D67891}.Release|Any CPU.Build.0 = Release|Any CPU
		{E1F2A3B4-C5D6-7890-E1F2-A3B4C5D67891}.Release|x64.ActiveCfg = Release|Any CPU
		{E1F2A3B4-C5D6-7890-E1F2-A3B4C5D67891}.Release|x64.Build.0 = Release|Any CPU
		{E1F2A3B4-C5D6-7890-E1F2-A3B4C5D67891}.Release|x86.ActiveCfg = Release|Any CPU
		{E1F2A3B4-C5D6-7890-E1F2-A3B4C5D67891}.Release|x86.Build.0 = Release|Any CPU
		{F2A3B4C5-D6E7-8901-F2A3-B4C5D6E78902}.Debug|Any CPU.ActiveCfg = Debug|Any CPU
		{F2A3B4C5-D6E7-8901-F2A3-B4C5D6E78902}.Debug|Any CPU.Build.0 = Debug|Any CPU
		{F2A3B4C5-D6E7-8901-F2A3-B4C5D6E78902}.Debug|x64.ActiveCfg = Debug|Any CPU
		{F2A3B4C5-D6E7-8901-F2A3-B4C5D6E78902}.Debug|x64.Build.0 = Debug|Any CPU
		{F2A3B4C5-D6E7-8901-F2A3-B4C5D6E78902}.Debug|x86.ActiveCfg = Debug|Any CPU
		{F2A3B4C5-D6E7-8901-F2A3-B4C5D6E78902}.Debug|x86.Build.0 = Debug|Any CPU
		{F2A3B4C5-D6E7-8901-F2A3-B4C5D6E78902}.Release|Any CPU.ActiveCfg = Release|Any CPU
		{F2A3B4C5-D6E7-8901-F2A3-B4C5D6E78902}.Release|Any CPU.Build.0 = Release|Any CPU
		{F2A3B4C5-D6E7-8901-F2A3-B4C5D6E78902}.Release|x64.ActiveCfg = Release|Any CPU
		{F2A3B4C5-D6E7-8901-F2A3-B4C5D6E78902}.Release|x64.Build.0 = Release|Any CPU
		{F2A3B4C5-D6E7-8901-F2A3-B4C5D6E78902}.Release|x86.ActiveCfg = Release|Any CPU
		{F2A3B4C5-D6E7-8901-F2A3-B4C5D6E78902}.Release|x86.Build.0 = Release|Any CPU
		{A3B4C5D6-E7F8-9012-A3B4-C5D6E7F89013}.Debug|Any CPU.ActiveCfg = Debug|Any CPU
		{A3B4C5D6-E7F8-9012-A3B4-C5D6E7F89013}.Debug|Any CPU.Build.0 = Debug|Any CPU
		{A3B4C5D6-E7F8-9012-A3B4-C5D6E7F89013}.Debug|x64.ActiveCfg = Debug|Any CPU
		{A3B4C5D6-E7F8-9012-A3B4-C5D6E7F89013}.Debug|x64.Build.0 = Debug|Any CPU
		{A3B4C5D6-E7F8-9012-A3B4-C5D6E7F89013}.Debug|x86.ActiveCfg = Debug|Any CPU
		{A3B4C5D6-E7F8-9012-A3B4-C5D6E7F89013}.Debug|x86.Build.0 = Debug|Any CPU
		{A3B4C5D6-E7F8-9012-A3B4-C5D6E7F89013}.Release|Any CPU.ActiveCfg = Release|Any CPU
		{A3B4C5D6-E7F8-9012-A3B4-C5D6E7F89013}.Release|Any CPU.Build.0 = Release|Any CPU
		{A3B4C5D6-E7F8-9012-A3B4-C5D6E7F89013}.Release|x64.ActiveCfg = Release|Any CPU
		{A3B4C5D6-E7F8-9012-A3B4-C5D6E7F89013}.Release|x64.Build.0 = Release|Any CPU
		{A3B4C5D6-E7F8-9012-A3B4-C5D6E7F89013}.Release|x86.ActiveCfg = Release|Any CPU
		{A3B4C5D6-E7F8-9012-A3B4-C5D6E7F89013}.Release|x86.Build.0 = Release|Any CPU
	EndGlobalSection
	GlobalSection(SolutionProperties) = preSolution
		HideSolutionNode = FALSE
	EndGlobalSection
EndGlobal
