<Solution>
  <Folder Name="/src/">
    <Project Path="src/FormatConverter.Core/FormatConverter.Core.csproj" />
    <Project Path="src/FormatConverter.Json/FormatConverter.Json.csproj" />
    <Project Path="src/FormatConverter.TLio/FormatConverter.TLio.csproj" />
    <Project Path="src/FormatConverter.Xml/FormatConverter.Xml.csproj" />
    <Project Path="src/FormatConverter.Yaml/FormatConverter.Yaml.csproj" />
  </Folder>
  <Folder Name="/tests/">
    <Project Path="tests/FormatConverter.Tests/FormatConverter.Tests.csproj" />
  </Folder>
</Solution>
